
Microsoft Visual Studio Solution File, Format Version 12.00
# Visual Studio 15
VisualStudioVersion = 15.0.26403.3
MinimumVisualStudioVersion = 10.0.40219.1
Project("{2150E333-8FDC-42A3-9474-1A3956D46DE8}") = "src", "src", "{8DA9A008-C434-43F9-9279-484576885226}"
EndProject
Project("{2150E333-8FDC-42A3-9474-1A3956D46DE8}") = "Solution Items", "Solution Items", "{F772593F-DA9C-4FDF-89E0-0ECD694156C0}"
EndProject
Project("{9A19103F-16F7-4668-BE54-9A1E7A4F7556}") = "DiscordNet", "src\DiscordNet\DiscordNet.csproj", "{2F65E008-30B5-4F22-9EFF-DC450F1B4048}"
EndProject
Global
	GlobalSection(SolutionConfigurationPlatforms) = preSolution
		Debug|Any CPU = Debug|Any CPU
		Release|Any CPU = Release|Any CPU
	EndGlobalSection
	GlobalSection(ProjectConfigurationPlatforms) = postSolution
		{2F65E008-30B5-4F22-9EFF-DC450F1B4048}.Debug|Any CPU.ActiveCfg = Debug|Any CPU
		{2F65E008-30B5-4F22-9EFF-DC450F1B4048}.Debug|Any CPU.Build.0 = Debug|Any CPU
		{2F65E008-30B5-4F22-9EFF-DC450F1B4048}.Release|Any CPU.ActiveCfg = Release|Any CPU
		{2F65E008-30B5-4F22-9EFF-DC450F1B4048}.Release|Any CPU.Build.0 = Release|Any CPU
	EndGlobalSection
	GlobalSection(SolutionProperties) = preSolution
		HideSolutionNode = FALSE
	EndGlobalSection
	GlobalSection(NestedProjects) = preSolution
		{2F65E008-30B5-4F22-9EFF-DC450F1B4048} = {8DA9A008-C434-43F9-9279-484576885226}
	EndGlobalSection
EndGlobal
